
Microsoft Visual Studio Solution File, Format Version 12.00
# Visual Studio Version 16
VisualStudioVersion = 16.0.30717.126
MinimumVisualStudioVersion = 10.0.40219.1
Project("{FAE04EC0-301F-11D3-BF4B-00C04F79EFBC}") = "ToDo", "ToDo\ToDo.csproj", "{09702722-74D8-4702-9729-2C4CAB7146FF}"
EndProject
Global
	GlobalSection(SolutionConfigurationPlatforms) = preSolution
		Debug|Any CPU = Debug|Any CPU
		Release|Any CPU = Release|Any CPU
	EndGlobalSection
	GlobalSection(ProjectConfigurationPlatforms) = postSolution
		{09702722-74D8-4702-9729-2C4CAB7146FF}.Debug|Any CPU.ActiveCfg = Debug|Any CPU
		{09702722-74D8-4702-9729-2C4CAB7146FF}.Debug|Any CPU.Build.0 = Debug|Any CPU
		{09702722-74D8-4702-9729-2C4CAB7146FF}.Release|Any CPU.ActiveCfg = Release|Any CPU
		{09702722-74D8-4702-9729-2C4CAB7146FF}.Release|Any CPU.Build.0 = Release|Any CPU
	EndGlobalSection
	GlobalSection(SolutionProperties) = preSolution
		HideSolutionNode = FALSE
	EndGlobalSection
	GlobalSection(ExtensibilityGlobals) = postSolution
		SolutionGuid = {E571ED6F-5BA9-4871-95DA-B5D1C8B5CB6E}
	EndGlobalSection
EndGlobal
